
Microsoft Visual Studio Solution File, Format Version 12.00
# Visual Studio Version 16
VisualStudioVersion = 16.0.29728.190
MinimumVisualStudioVersion = 10.0.40219.1
Project("{9A19103F-16F7-4668-BE54-9A1E7A4F7556}") = "HomeWork", "HomeWork\HomeWork.csproj", "{A9BE6E3C-A33B-4956-BBA8-6686D41C52C3}"
EndProject
Project("{FAE04EC0-301F-11D3-BF4B-00C04F79EFBC}") = "Bibl", "Bibl\Bibl.csproj", "{F41055BD-2044-4142-B6F9-347E49DD134E}"
EndProject
Global
	GlobalSection(SolutionConfigurationPlatforms) = preSolution
		Debug|Any CPU = Debug|Any CPU
		Release|Any CPU = Release|Any CPU
	EndGlobalSection
	GlobalSection(ProjectConfigurationPlatforms) = postSolution
		{A9BE6E3C-A33B-4956-BBA8-6686D41C52C3}.Debug|Any CPU.ActiveCfg = Debug|Any CPU
		{A9BE6E3C-A33B-4956-BBA8-6686D41C52C3}.Debug|Any CPU.Build.0 = Debug|Any CPU
		{A9BE6E3C-A33B-4956-BBA8-6686D41C52C3}.Release|Any CPU.ActiveCfg = Release|Any CPU
		{A9BE6E3C-A33B-4956-BBA8-6686D41C52C3}.Release|Any CPU.Build.0 = Release|Any CPU
		{F41055BD-2044-4142-B6F9-347E49DD134E}.Debug|Any CPU.ActiveCfg = Debug|Any CPU
		{F41055BD-2044-4142-B6F9-347E49DD134E}.Debug|Any CPU.Build.0 = Debug|Any CPU
		{F41055BD-2044-4142-B6F9-347E49DD134E}.Release|Any CPU.ActiveCfg = Release|Any CPU
		{F41055BD-2044-4142-B6F9-347E49DD134E}.Release|Any CPU.Build.0 = Release|Any CPU
	EndGlobalSection
	GlobalSection(SolutionProperties) = preSolution
		HideSolutionNode = FALSE
	EndGlobalSection
	GlobalSection(ExtensibilityGlobals) = postSolution
		SolutionGuid = {41DC3457-B8AD-4FA8-B22F-6261CE419EC5}
	EndGlobalSection
EndGlobal
